PODS:
  - Alamofire (5.5.0)
  - IQKeyboardManagerSwift (6.5.9)
  - ReachabilitySwift (5.0.0)
  - Realm (10.21.1):
    - Realm/Headers (= 10.21.1)
  - Realm/Headers (10.21.1)
  - RealmSwift (10.21.1):
    - Realm (= 10.21.1)
  - RxCocoa (6.5.0):
    - RxRelay (= 6.5.0)
    - RxSwift (= 6.5.0)
  - RxReachability (1.2.1):
    - ReachabilitySwift (< 6.0, >= 5.0)
    - RxCocoa (~> 6)
    - RxSwift (~> 6)
  - RxRealm (5.0.4):
    - Realm (~> 10.21)
    - RealmSwift (~> 10.21)
    - RxCocoa (~> 6.1)
    - RxSwift (~> 6.1)
  - RxRelay (6.5.0):
    - RxSwift (= 6.5.0)
  - RxSwift (6.5.0)
  - SDWebImage (5.12.2):
    - SDWebImage/Core (= 5.12.2)
  - SDWebImage/Core (5.12.2)
  - YoutubePlayer-in-WKWebView (0.3.8)

DEPENDENCIES:
  - Alamofire
  - IQKeyboardManagerSwift
  - ReachabilitySwift
  - Realm
  - RealmSwift
  - RxCocoa
  - RxReachability
  - RxRealm
  - RxSwift
  - SDWebImage (~> 5.0)
  - YoutubePlayer-in-WKWebView

SPEC REPOS:
  trunk:
    - Alamofire
    - IQKeyboardManagerSwift
    - ReachabilitySwift
    - Realm
    - RealmSwift
    - RxCocoa
    - RxReachability
    - RxRealm
    - RxRelay
    - RxSwift
    - SDWebImage
    - YoutubePlayer-in-WKWebView

SPEC CHECKSUMS:
  Alamofire: 1c4fb5369c3fe93d2857c780d8bbe09f06f97e7c
  IQKeyboardManagerSwift: 6e839c575c4aa1078d58a596e41244e77abe918f
  ReachabilitySwift: 985039c6f7b23a1da463388634119492ff86c825
  Realm: 44b41c3ae39e3ecfded71a04434bfde066c7b317
  RealmSwift: dbf9a4eb06e0c929d51c4ef2e8f951bca541feab
  RxCocoa: 94f817b71c07517321eb4f9ad299112ca8af743b
  RxReachability: bfd13548bf1dac7a877082d13918a9f39bdb5c18
  RxRealm: 666c8785327fe2fff972a3093b35dc7055c1ca38
  RxRelay: 1de1523e604c72b6c68feadedd1af3b1b4d0ecbd
  RxSwift: 5710a9e6b17f3c3d6e40d6e559b9fa1e813b2ef8
  SDWebImage: 240e5c12b592fb1268c1d03b8c90d90e8c2ffe82
  YoutubePlayer-in-WKWebView: 4fca3b4f6f09940077bfbae7bddb771f2b43aacd

PODFILE CHECKSUM: e8914e5312a00ed1fb7b924e4a454a87c67af033

COCOAPODS: 1.11.2
